{
  "name": "memegen-offline",
  "lockfileVersion": 3,
  "requires": true,
  "packages": {
    "": {
      "name": "memegen-offline",
      "devDependencies": {
        "@playwright/test": "1.62.1",
        "@upng/upng-js": "2.2.2",
        "modern-gif": "2.1.0",
        "wasm-webp": "0.1.0"
      }
    },
    "node_modules/@playwright/test": {
      "version": "1.62.1",
      "resolved": "https://registry.npmjs.org/@playwright/test/-/test-1.62.1.tgz",
      "integrity": "sha512-DTcUc8qii+cpHvtOwggMtBRMjKZHXYWdw8syRYu2vtzuq4Wxphqq4NfCs5Zt44L6mA8rfDfj+PHnxFc/FeK6mQ==",
      "dev": true,
      "license": "Apache-2.0",
      "dependencies": {
        "playwright": "1.62.1"
      },
      "bin": {
        "playwright": "cli.js"
      },
      "engines": {
        "node": ">=20"
      }
    },
    "node_modules/@upng/upng-js": {
      "version": "2.2.2",
      "resolved": "https://registry.npmjs.org/@upng/upng-js/-/upng-js-2.2.2.tgz",
      "integrity": "sha512-Z+sYAXP8ndbwXpyBj+jszsxS7kmstsiCOSfwzJ5qyqQwEuSZ0OZBn7x52hzhy1btQoZck3PXxWNsGDAs8Bsw7g==",
      "dev": true,
      "license": "MIT",
      "dependencies": {
        "pako": "^2.1.0"
      }
    },
    "node_modules/fsevents": {
      "version": "2.3.2",
      "resolved": "https://registry.npmjs.org/fsevents/-/fsevents-2.3.2.tgz",
      "integrity": "sha512-xiqMQR4xAeHTuB9uWm+fFRcIOgKBMiOBP+eXiyT7jsgVCq1bkVygt00oASowB7EdtpOHaaPgKt812P9ab+DDKA==",
      "dev": true,
      "hasInstallScript": true,
      "license": "MIT",
      "optional": true,
      "os": [
        "darwin"
      ],
      "engines": {
        "node": "^8.16.0 || ^10.6.0 || >=11.0.0"
      }
    },
    "node_modules/modern-gif": {
      "version": "2.1.0",
      "resolved": "https://registry.npmjs.org/modern-gif/-/modern-gif-2.1.0.tgz",
      "integrity": "sha512-9ZGD5b4jNUge0fvFP1bd9Hsqz5CSZI1al3EhCJ+WFkZgmn5NO1yvVwXJA/LTqro85l2Gt0+S0dDFgVYhYtLLWg==",
      "dev": true,
      "license": "MIT",
      "dependencies": {
        "modern-palette": "^2.0.0"
      }
    },
    "node_modules/modern-palette": {
      "version": "2.0.0",
      "resolved": "https://registry.npmjs.org/modern-palette/-/modern-palette-2.0.0.tgz",
      "integrity": "sha512-wKZcom2QzK6sS6h5RLYHEkd3V3maQLzgkI+ekDCimlk7dfXa63aekZcy+7KS+8JEqIDeY/yV1CAvA7l+7u6QHA==",
      "dev": true,
      "license": "MIT"
    },
    "node_modules/pako": {
      "version": "2.2.0",
      "resolved": "https://registry.npmjs.org/pako/-/pako-2.2.0.tgz",
      "integrity": "sha512-zJq6RP/5q+TO2OpFV3FHzlPnFjmkb7Nc99a5SNjJE+uu/PkpChs+NIZSSzbBoD+6kjiISXjfYdwj1ZRQ81dz/w==",
      "dev": true,
      "funding": [
        {
          "type": "github",
          "url": "https://github.com/sponsors/puzrin"
        },
        {
          "type": "github",
          "url": "https://github.com/sponsors/nodeca"
        }
      ],
      "license": "(MIT AND Zlib)"
    },
    "node_modules/playwright": {
      "version": "1.62.1",
      "resolved": "https://registry.npmjs.org/playwright/-/playwright-1.62.1.tgz",
      "integrity": "sha512-0M+L3LAD8/nm554LOla9Ayx0j0tmFZ0FBcoQ7F1VuVHpM/XpiC8RcDzBQB8W5+hA8L22THxELzeF+2WcUzvcLg==",
      "dev": true,
      "license": "Apache-2.0",
      "dependencies": {
        "playwright-core": "1.62.1"
      },
      "bin": {
        "playwright": "cli.js"
      },
      "engines": {
        "node": ">=20"
      },
      "optionalDependencies": {
        "fsevents": "2.3.2"
      }
    },
    "node_modules/playwright-core": {
      "version": "1.62.1",
      "resolved": "https://registry.npmjs.org/playwright-core/-/playwright-core-1.62.1.tgz",
      "integrity": "sha512-wPYSwEBJY9GHraISXqyqtx0na0LpO3XEX7jNDhntbex7tzUS7kLnZsOlFruFJB4Hi/rhDMjXGqHewDZ68nYZVw==",
      "dev": true,
      "license": "Apache-2.0",
      "bin": {
        "playwright-core": "cli.js"
      },
      "engines": {
        "node": ">=20"
      }
    },
    "node_modules/wasm-webp": {
      "version": "0.1.0",
      "resolved": "https://registry.npmjs.org/wasm-webp/-/wasm-webp-0.1.0.tgz",
      "integrity": "sha512-Z1Sop+mLKogzDK3vJzSPfSxRF1yj/zbmn+XJuU9+7fvarxcuGhGkeLBqJr5H8LdgWuAwEKuZelCzx7ujztfhVQ==",
      "dev": true,
      "license": "MIT"
    }
  }
}
